
Microsoft Visual Studio Solution File, Format Version 12.00
# Visual Studio Version 17
VisualStudioVersion = 17.13.35919.96 d17.13
MinimumVisualStudioVersion = 10.0.40219.1
Project("{FAE04EC0-301F-11D3-BF4B-00C04F79EFBC}") = "ControlFlow", "ControlFlow\ControlFlow.csproj", "{A5A45E14-5CBC-462A-BA3E-B354DCB7FFDA}"
EndProject
Global
	GlobalSection(SolutionConfigurationPlatforms) = preSolution
		Debug|Any CPU = Debug|Any CPU
		Release|Any CPU = Release|Any CPU
	EndGlobalSection
	GlobalSection(ProjectConfigurationPlatforms) = postSolution
		{A5A45E14-5CBC-462A-BA3E-B354DCB7FFDA}.Debug|Any CPU.ActiveCfg = Debug|Any CPU
		{A5A45E14-5CBC-462A-BA3E-B354DCB7FFDA}.Debug|Any CPU.Build.0 = Debug|Any CPU
		{A5A45E14-5CBC-462A-BA3E-B354DCB7FFDA}.Release|Any CPU.ActiveCfg = Release|Any CPU
		{A5A45E14-5CBC-462A-BA3E-B354DCB7FFDA}.Release|Any CPU.Build.0 = Release|Any CPU
	EndGlobalSection
	GlobalSection(SolutionProperties) = preSolution
		HideSolutionNode = FALSE
	EndGlobalSection
	GlobalSection(ExtensibilityGlobals) = postSolution
		SolutionGuid = {4A19F152-5E98-4733-AB8E-362F359FD4C0}
	EndGlobalSection
EndGlobal
