
Microsoft Visual Studio Solution File, Format Version 12.00
# Visual Studio Version 17
VisualStudioVersion = 17.13.35919.96 d17.13
MinimumVisualStudioVersion = 10.0.40219.1
Project("{FAE04EC0-301F-11D3-BF4B-00C04F79EFBC}") = "March_29_Array", "March_29_Array\March_29_Array.csproj", "{7F9B7652-D086-4213-984D-E7D7F4269A6C}"
EndProject
Global
	GlobalSection(SolutionConfigurationPlatforms) = preSolution
		Debug|Any CPU = Debug|Any CPU
		Release|Any CPU = Release|Any CPU
	EndGlobalSection
	GlobalSection(ProjectConfigurationPlatforms) = postSolution
		{7F9B7652-D086-4213-984D-E7D7F4269A6C}.Debug|Any CPU.ActiveCfg = Debug|Any CPU
		{7F9B7652-D086-4213-984D-E7D7F4269A6C}.Debug|Any CPU.Build.0 = Debug|Any CPU
		{7F9B7652-D086-4213-984D-E7D7F4269A6C}.Release|Any CPU.ActiveCfg = Release|Any CPU
		{7F9B7652-D086-4213-984D-E7D7F4269A6C}.Release|Any CPU.Build.0 = Release|Any CPU
	EndGlobalSection
	GlobalSection(SolutionProperties) = preSolution
		HideSolutionNode = FALSE
	EndGlobalSection
	GlobalSection(ExtensibilityGlobals) = postSolution
		SolutionGuid = {F7DF30E8-5075-4073-98D8-8A9ED5D3281F}
	EndGlobalSection
EndGlobal
