
Microsoft Visual Studio Solution File, Format Version 12.00
# Visual Studio Version 17
VisualStudioVersion = 17.13.35919.96 d17.13
MinimumVisualStudioVersion = 10.0.40219.1
Project("{FAE04EC0-301F-11D3-BF4B-00C04F79EFBC}") = "StringInterBuilder", "StringInterBuilder\StringInterBuilder.csproj", "{FFFAACD2-54E0-46EC-A54E-EA96895B239D}"
EndProject
Global
	GlobalSection(SolutionConfigurationPlatforms) = preSolution
		Debug|Any CPU = Debug|Any CPU
		Release|Any CPU = Release|Any CPU
	EndGlobalSection
	GlobalSection(ProjectConfigurationPlatforms) = postSolution
		{FFFAACD2-54E0-46EC-A54E-EA96895B239D}.Debug|Any CPU.ActiveCfg = Debug|Any CPU
		{FFFAACD2-54E0-46EC-A54E-EA96895B239D}.Debug|Any CPU.Build.0 = Debug|Any CPU
		{FFFAACD2-54E0-46EC-A54E-EA96895B239D}.Release|Any CPU.ActiveCfg = Release|Any CPU
		{FFFAACD2-54E0-46EC-A54E-EA96895B239D}.Release|Any CPU.Build.0 = Release|Any CPU
	EndGlobalSection
	GlobalSection(SolutionProperties) = preSolution
		HideSolutionNode = FALSE
	EndGlobalSection
	GlobalSection(ExtensibilityGlobals) = postSolution
		SolutionGuid = {A9EF77DF-7710-48D4-AEBC-0D6842FF64A0}
	EndGlobalSection
EndGlobal
